
Microsoft Visual Studio Solution File, Format Version 12.00
# Visual Studio 15
Project("{FAE04EC0-301F-11D3-BF4B-00C04F79EFBC}") = "UniRx", "UniRx.csproj", "{11841BDC-8B54-09F8-BC4E-9E352D096354}"
EndProject
Project("{FAE04EC0-301F-11D3-BF4B-00C04F79EFBC}") = "Assembly-CSharp-firstpass", "Assembly-CSharp-firstpass.csproj", "{88A2F1C0-278C-B16C-5940-EA292AE6AED3}"
EndProject
Project("{FAE04EC0-301F-11D3-BF4B-00C04F79EFBC}") = "Assembly-CSharp", "Assembly-CSharp.csproj", "{B134A07A-71DE-B456-2F0B-7147541BBBD9}"
EndProject
Project("{FAE04EC0-301F-11D3-BF4B-00C04F79EFBC}") = "NativeGallery.Runtime", "NativeGallery.Runtime.csproj", "{C267FACC-E827-CC51-C768-EEA2097CD1C6}"
EndProject
Project("{FAE04EC0-301F-11D3-BF4B-00C04F79EFBC}") = "UniRx.Examples", "UniRx.Examples.csproj", "{A4720DBC-B07C-830A-3161-8224D0F8B509}"
EndProject
Project("{FAE04EC0-301F-11D3-BF4B-00C04F79EFBC}") = "Assembly-CSharp-Editor-firstpass", "Assembly-CSharp-Editor-firstpass.csproj", "{2A733C70-BEBF-4C32-98BF-91774BAF03A1}"
EndProject
Project("{FAE04EC0-301F-11D3-BF4B-00C04F79EFBC}") = "Assembly-CSharp-Editor", "Assembly-CSharp-Editor.csproj", "{DE9C2DE3-8B5C-612F-0EA1-266FBCD1A7DD}"
EndProject
Project("{FAE04EC0-301F-11D3-BF4B-00C04F79EFBC}") = "NativeGallery.Editor", "NativeGallery.Editor.csproj", "{9E94AA3E-85BC-63ED-2D39-9FD50ACC068B}"
EndProject
Global
	GlobalSection(SolutionConfigurationPlatforms) = preSolution
		Debug|Any CPU = Debug|Any CPU
		Release|Any CPU = Release|Any CPU
	EndGlobalSection
	GlobalSection(ProjectConfigurationPlatforms) = postSolution
		{11841BDC-8B54-09F8-BC4E-9E352D096354}.Debug|Any CPU.ActiveCfg = Debug|Any CPU
		{11841BDC-8B54-09F8-BC4E-9E352D096354}.Debug|Any CPU.Build.0 = Debug|Any CPU
		{11841BDC-8B54-09F8-BC4E-9E352D096354}.Release|Any CPU.ActiveCfg = Release|Any CPU
		{11841BDC-8B54-09F8-BC4E-9E352D096354}.Release|Any CPU.Build.0 = Release|Any CPU
		{88A2F1C0-278C-B16C-5940-EA292AE6AED3}.Debug|Any CPU.ActiveCfg = Debug|Any CPU
		{88A2F1C0-278C-B16C-5940-EA292AE6AED3}.Debug|Any CPU.Build.0 = Debug|Any CPU
		{88A2F1C0-278C-B16C-5940-EA292AE6AED3}.Release|Any CPU.ActiveCfg = Release|Any CPU
		{88A2F1C0-278C-B16C-5940-EA292AE6AED3}.Release|Any CPU.Build.0 = Release|Any CPU
		{B134A07A-71DE-B456-2F0B-7147541BBBD9}.Debug|Any CPU.ActiveCfg = Debug|Any CPU
		{B134A07A-71DE-B456-2F0B-7147541BBBD9}.Debug|Any CPU.Build.0 = Debug|Any CPU
		{B134A07A-71DE-B456-2F0B-7147541BBBD9}.Release|Any CPU.ActiveCfg = Release|Any CPU
		{B134A07A-71DE-B456-2F0B-7147541BBBD9}.Release|Any CPU.Build.0 = Release|Any CPU
		{C267FACC-E827-CC51-C768-EEA2097CD1C6}.Debug|Any CPU.ActiveCfg = Debug|Any CPU
		{C267FACC-E827-CC51-C768-EEA2097CD1C6}.Debug|Any CPU.Build.0 = Debug|Any CPU
		{C267FACC-E827-CC51-C768-EEA2097CD1C6}.Release|Any CPU.ActiveCfg = Release|Any CPU
		{C267FACC-E827-CC51-C768-EEA2097CD1C6}.Release|Any CPU.Build.0 = Release|Any CPU
		{A4720DBC-B07C-830A-3161-8224D0F8B509}.Debug|Any CPU.ActiveCfg = Debug|Any CPU
		{A4720DBC-B07C-830A-3161-8224D0F8B509}.Debug|Any CPU.Build.0 = Debug|Any CPU
		{A4720DBC-B07C-830A-3161-8224D0F8B509}.Release|Any CPU.ActiveCfg = Release|Any CPU
		{A4720DBC-B07C-830A-3161-8224D0F8B509}.Release|Any CPU.Build.0 = Release|Any CPU
		{2A733C70-BEBF-4C32-98BF-91774BAF03A1}.Debug|Any CPU.ActiveCfg = Debug|Any CPU
		{2A733C70-BEBF-4C32-98BF-91774BAF03A1}.Debug|Any CPU.Build.0 = Debug|Any CPU
		{2A733C70-BEBF-4C32-98BF-91774BAF03A1}.Release|Any CPU.ActiveCfg = Release|Any CPU
		{2A733C70-BEBF-4C32-98BF-91774BAF03A1}.Release|Any CPU.Build.0 = Release|Any CPU
		{DE9C2DE3-8B5C-612F-0EA1-266FBCD1A7DD}.Debug|Any CPU.ActiveCfg = Debug|Any CPU
		{DE9C2DE3-8B5C-612F-0EA1-266FBCD1A7DD}.Debug|Any CPU.Build.0 = Debug|Any CPU
		{DE9C2DE3-8B5C-612F-0EA1-266FBCD1A7DD}.Release|Any CPU.ActiveCfg = Release|Any CPU
		{DE9C2DE3-8B5C-612F-0EA1-266FBCD1A7DD}.Release|Any CPU.Build.0 = Release|Any CPU
		{9E94AA3E-85BC-63ED-2D39-9FD50ACC068B}.Debug|Any CPU.ActiveCfg = Debug|Any CPU
		{9E94AA3E-85BC-63ED-2D39-9FD50ACC068B}.Debug|Any CPU.Build.0 = Debug|Any CPU
		{9E94AA3E-85BC-63ED-2D39-9FD50ACC068B}.Release|Any CPU.ActiveCfg = Release|Any CPU
		{9E94AA3E-85BC-63ED-2D39-9FD50ACC068B}.Release|Any CPU.Build.0 = Release|Any CPU
	EndGlobalSection
	GlobalSection(SolutionProperties) = preSolution
		HideSolutionNode = FALSE
	EndGlobalSection
EndGlobal
